
Microsoft Visual Studio Solution File, Format Version 12.00
# Visual Studio Version 17
VisualStudioVersion = 17.0.32014.148
MinimumVisualStudioVersion = 10.0.40219.1
Project("{FAE04EC0-301F-11D3-BF4B-00C04F79EFBC}") = "BulkyBookWeb", "BulkyBookWeb\BulkyBookWeb.csproj", "{3589776B-153A-4352-8C80-C86B778E5BDF}"
EndProject
Global
	GlobalSection(SolutionConfigurationPlatforms) = preSolution
		Debug|Any CPU = Debug|Any CPU
		Release|Any CPU = Release|Any CPU
	EndGlobalSection
	GlobalSection(ProjectConfigurationPlatforms) = postSolution
		{3589776B-153A-4352-8C80-C86B778E5BDF}.Debug|Any CPU.ActiveCfg = Debug|Any CPU
		{3589776B-153A-4352-8C80-C86B778E5BDF}.Debug|Any CPU.Build.0 = Debug|Any CPU
		{3589776B-153A-4352-8C80-C86B778E5BDF}.Release|Any CPU.ActiveCfg = Release|Any CPU
		{3589776B-153A-4352-8C80-C86B778E5BDF}.Release|Any CPU.Build.0 = Release|Any CPU
	EndGlobalSection
	GlobalSection(SolutionProperties) = preSolution
		HideSolutionNode = FALSE
	EndGlobalSection
	GlobalSection(ExtensibilityGlobals) = postSolution
		SolutionGuid = {4A8ADB4D-4750-4B5E-90F6-7A594E9E19E2}
	EndGlobalSection
EndGlobal
